
Microsoft Visual Studio Solution File, Format Version 12.00
# Visual Studio Version 17
VisualStudioVersion = 17.1.32421.90
MinimumVisualStudioVersion = 10.0.40219.1
Project("{FAE04EC0-301F-11D3-BF4B-00C04F79EFBC}") = "DonkeyBlaster.Server", "DonkeyBlaster\Server\DonkeyBlaster.Server.csproj", "{A2D0BCA7-48E6-4D4B-AAC4-587B8EC40A02}"
EndProject
Project("{FAE04EC0-301F-11D3-BF4B-00C04F79EFBC}") = "DonkeyBlaster.Client", "DonkeyBlaster\Client\DonkeyBlaster.Client.csproj", "{707A1CB1-7C33-4E0E-8A3B-9B7EDCD268F8}"
EndProject
Project("{FAE04EC0-301F-11D3-BF4B-00C04F79EFBC}") = "DonkeyBlaster.Shared", "DonkeyBlaster\Shared\DonkeyBlaster.Shared.csproj", "{FB7707E9-178B-4363-A9AC-851A5C7F4F0E}"
EndProject
Global
	GlobalSection(SolutionConfigurationPlatforms) = preSolution
		Debug|Any CPU = Debug|Any CPU
		Release|Any CPU = Release|Any CPU
	EndGlobalSection
	GlobalSection(ProjectConfigurationPlatforms) = postSolution
		{A2D0BCA7-48E6-4D4B-AAC4-587B8EC40A02}.Debug|Any CPU.ActiveCfg = Debug|Any CPU
		{A2D0BCA7-48E6-4D4B-AAC4-587B8EC40A02}.Debug|Any CPU.Build.0 = Debug|Any CPU
		{A2D0BCA7-48E6-4D4B-AAC4-587B8EC40A02}.Release|Any CPU.ActiveCfg = Release|Any CPU
		{A2D0BCA7-48E6-4D4B-AAC4-587B8EC40A02}.Release|Any CPU.Build.0 = Release|Any CPU
		{707A1CB1-7C33-4E0E-8A3B-9B7EDCD268F8}.Debug|Any CPU.ActiveCfg = Debug|Any CPU
		{707A1CB1-7C33-4E0E-8A3B-9B7EDCD268F8}.Debug|Any CPU.Build.0 = Debug|Any CPU
		{707A1CB1-7C33-4E0E-8A3B-9B7EDCD268F8}.Release|Any CPU.ActiveCfg = Release|Any CPU
		{707A1CB1-7C33-4E0E-8A3B-9B7EDCD268F8}.Release|Any CPU.Build.0 = Release|Any CPU
		{FB7707E9-178B-4363-A9AC-851A5C7F4F0E}.Debug|Any CPU.ActiveCfg = Debug|Any CPU
		{FB7707E9-178B-4363-A9AC-851A5C7F4F0E}.Debug|Any CPU.Build.0 = Debug|Any CPU
		{FB7707E9-178B-4363-A9AC-851A5C7F4F0E}.Release|Any CPU.ActiveCfg = Release|Any CPU
		{FB7707E9-178B-4363-A9AC-851A5C7F4F0E}.Release|Any CPU.Build.0 = Release|Any CPU
	EndGlobalSection
	GlobalSection(SolutionProperties) = preSolution
		HideSolutionNode = FALSE
	EndGlobalSection
	GlobalSection(ExtensibilityGlobals) = postSolution
		SolutionGuid = {23237AC5-09EE-42D0-82F5-2FC93DE89B61}
	EndGlobalSection
EndGlobal
